
Microsoft Visual Studio Solution File, Format Version 12.00
# Visual Studio Version 17
VisualStudioVersion = 17.1.32210.238
MinimumVisualStudioVersion = 15.0.26124.0
Project("{2150E333-8FDC-42A3-9474-1A3956D46DE8}") = "src", "src", "{D3343A87-F145-4634-B3C8-86C7E6F78F24}"
EndProject
Project("{9A19103F-16F7-4668-BE54-9A1E7A4F7556}") = "ApplicationBusinessRules", "src\ApplicationBusinessRules\ApplicationBusinessRules.csproj", "{7B9FFAAA-FD27-4274-A458-2C463B558BD4}"
EndProject
Project("{9A19103F-16F7-4668-BE54-9A1E7A4F7556}") = "EnterpriseBusinessRules", "src\EnterpriseBusinessRules\EnterpriseBusinessRules.csproj", "{11ED2B2E-9B04-4F8F-8B34-8922D32353F1}"
EndProject
Project("{9A19103F-16F7-4668-BE54-9A1E7A4F7556}") = "FrameworksAndDrivers", "src\FrameworksAndDrivers\FrameworksAndDrivers.csproj", "{BA4B056B-049D-4C7D-87EB-D3D97F9B583A}"
EndProject
Project("{9A19103F-16F7-4668-BE54-9A1E7A4F7556}") = "InterfaceAdapters", "src\InterfaceAdapters\InterfaceAdapters.csproj", "{DA8C78A8-0AFF-4021-A662-C1D99D058C91}"
EndProject
Project("{2150E333-8FDC-42A3-9474-1A3956D46DE8}") = "tests", "tests", "{11DC35E5-543A-4C0F-9EAA-33EC697B580B}"
EndProject
Project("{9A19103F-16F7-4668-BE54-9A1E7A4F7556}") = "ApplicationBusinessRules.UnitTests", "tests\ApplicationBusinessRules.UnitTests\ApplicationBusinessRules.UnitTests.csproj", "{4E1E4751-28D4-422D-B6C7-8F0EC4697E97}"
EndProject
Project("{9A19103F-16F7-4668-BE54-9A1E7A4F7556}") = "EnterpriseBusinessRules.UnitTests", "tests\EnterpriseBusinessRules.UnitTests\EnterpriseBusinessRules.UnitTests.csproj", "{E0BAF940-344C-47AB-89C7-8A61E9D35FBE}"
EndProject
Project("{9A19103F-16F7-4668-BE54-9A1E7A4F7556}") = "FrameworksAndDrivers.UnitTests", "tests\FrameworksAndDrivers.UnitTests\FrameworksAndDrivers.UnitTests.csproj", "{964D4CC5-4788-4FA8-918F-06CE85F87EAF}"
EndProject
Project("{9A19103F-16F7-4668-BE54-9A1E7A4F7556}") = "InterfaceAdapters.IntegrationTests", "tests\InterfaceAdapters.IntegrationTests\InterfaceAdapters.IntegrationTests.csproj", "{277881E2-E489-4133-9D3F-D6D99BE9350E}"
EndProject
Project("{9A19103F-16F7-4668-BE54-9A1E7A4F7556}") = "QueueProcessor", "src\QueueProcessor\QueueProcessor.csproj", "{7E6B0E32-8BA5-49B5-AC06-5AA1D6F89450}"
EndProject
Global
	GlobalSection(SolutionConfigurationPlatforms) = preSolution
		Debug|Any CPU = Debug|Any CPU
		Debug|x64 = Debug|x64
		Debug|x86 = Debug|x86
		Release|Any CPU = Release|Any CPU
		Release|x64 = Release|x64
		Release|x86 = Release|x86
	EndGlobalSection
	GlobalSection(ProjectConfigurationPlatforms) = postSolution
		{7B9FFAAA-FD27-4274-A458-2C463B558BD4}.Debug|Any CPU.ActiveCfg = Debug|Any CPU
		{7B9FFAAA-FD27-4274-A458-2C463B558BD4}.Debug|Any CPU.Build.0 = Debug|Any CPU
		{7B9FFAAA-FD27-4274-A458-2C463B558BD4}.Debug|x64.ActiveCfg = Debug|Any CPU
		{7B9FFAAA-FD27-4274-A458-2C463B558BD4}.Debug|x64.Build.0 = Debug|Any CPU
		{7B9FFAAA-FD27-4274-A458-2C463B558BD4}.Debug|x86.ActiveCfg = Debug|Any CPU
		{7B9FFAAA-FD27-4274-A458-2C463B558BD4}.Debug|x86.Build.0 = Debug|Any CPU
		{7B9FFAAA-FD27-4274-A458-2C463B558BD4}.Release|Any CPU.ActiveCfg = Release|Any CPU
		{7B9FFAAA-FD27-4274-A458-2C463B558BD4}.Release|Any CPU.Build.0 = Release|Any CPU
		{7B9FFAAA-FD27-4274-A458-2C463B558BD4}.Release|x64.ActiveCfg = Release|Any CPU
		{7B9FFAAA-FD27-4274-A458-2C463B558BD4}.Release|x64.Build.0 = Release|Any CPU
		{7B9FFAAA-FD27-4274-A458-2C463B558BD4}.Release|x86.ActiveCfg = Release|Any CPU
		{7B9FFAAA-FD27-4274-A458-2C463B558BD4}.Release|x86.Build.0 = Release|Any CPU
		{11ED2B2E-9B04-4F8F-8B34-8922D32353F1}.Debug|Any CPU.ActiveCfg = Debug|Any CPU
		{11ED2B2E-9B04-4F8F-8B34-8922D32353F1}.Debug|Any CPU.Build.0 = Debug|Any CPU
		{11ED2B2E-9B04-4F8F-8B34-8922D32353F1}.Debug|x64.ActiveCfg = Debug|Any CPU
		{11ED2B2E-9B04-4F8F-8B34-8922D32353F1}.Debug|x64.Build.0 = Debug|Any CPU
		{11ED2B2E-9B04-4F8F-8B34-8922D32353F1}.Debug|x86.ActiveCfg = Debug|Any CPU
		{11ED2B2E-9B04-4F8F-8B34-8922D32353F1}.Debug|x86.Build.0 = Debug|Any CPU
		{11ED2B2E-9B04-4F8F-8B34-8922D32353F1}.Release|Any CPU.ActiveCfg = Release|Any CPU
		{11ED2B2E-9B04-4F8F-8B34-8922D32353F1}.Release|Any CPU.Build.0 = Release|Any CPU
		{11ED2B2E-9B04-4F8F-8B34-8922D32353F1}.Release|x64.ActiveCfg = Release|Any CPU
		{11ED2B2E-9B04-4F8F-8B34-8922D32353F1}.Release|x64.Build.0 = Release|Any CPU
		{11ED2B2E-9B04-4F8F-8B34-8922D32353F1}.Release|x86.ActiveCfg = Release|Any CPU
		{11ED2B2E-9B04-4F8F-8B34-8922D32353F1}.Release|x86.Build.0 = Release|Any CPU
		{BA4B056B-049D-4C7D-87EB-D3D97F9B583A}.Debug|Any CPU.ActiveCfg = Debug|Any CPU
		{BA4B056B-049D-4C7D-87EB-D3D97F9B583A}.Debug|Any CPU.Build.0 = Debug|Any CPU
		{BA4B056B-049D-4C7D-87EB-D3D97F9B583A}.Debug|x64.ActiveCfg = Debug|Any CPU
		{BA4B056B-049D-4C7D-87EB-D3D97F9B583A}.Debug|x64.Build.0 = Debug|Any CPU
		{BA4B056B-049D-4C7D-87EB-D3D97F9B583A}.Debug|x86.ActiveCfg = Debug|Any CPU
		{BA4B056B-049D-4C7D-87EB-D3D97F9B583A}.Debug|x86.Build.0 = Debug|Any CPU
		{BA4B056B-049D-4C7D-87EB-D3D97F9B583A}.Release|Any CPU.ActiveCfg = Release|Any CPU
		{BA4B056B-049D-4C7D-87EB-D3D97F9B583A}.Release|Any CPU.Build.0 = Release|Any CPU
		{BA4B056B-049D-4C7D-87EB-D3D97F9B583A}.Release|x64.ActiveCfg = Release|Any CPU
		{BA4B056B-049D-4C7D-87EB-D3D97F9B583A}.Release|x64.Build.0 = Release|Any CPU
		{BA4B056B-049D-4C7D-87EB-D3D97F9B583A}.Release|x86.ActiveCfg = Release|Any CPU
		{BA4B056B-049D-4C7D-87EB-D3D97F9B583A}.Release|x86.Build.0 = Release|Any CPU
		{DA8C78A8-0AFF-4021-A662-C1D99D058C91}.Debug|Any CPU.ActiveCfg = Debug|Any CPU
		{DA8C78A8-0AFF-4021-A662-C1D99D058C91}.Debug|Any CPU.Build.0 = Debug|Any CPU
		{DA8C78A8-0AFF-4021-A662-C1D99D058C91}.Debug|x64.ActiveCfg = Debug|Any CPU
		{DA8C78A8-0AFF-4021-A662-C1D99D058C91}.Debug|x64.Build.0 = Debug|Any CPU
		{DA8C78A8-0AFF-4021-A662-C1D99D058C91}.Debug|x86.ActiveCfg = Debug|Any CPU
		{DA8C78A8-0AFF-4021-A662-C1D99D058C91}.Debug|x86.Build.0 = Debug|Any CPU
		{DA8C78A8-0AFF-4021-A662-C1D99D058C91}.Release|Any CPU.ActiveCfg = Release|Any CPU
		{DA8C78A8-0AFF-4021-A662-C1D99D058C91}.Release|Any CPU.Build.0 = Release|Any CPU
		{DA8C78A8-0AFF-4021-A662-C1D99D058C91}.Release|x64.ActiveCfg = Release|Any CPU
		{DA8C78A8-0AFF-4021-A662-C1D99D058C91}.Release|x64.Build.0 = Release|Any CPU
		{DA8C78A8-0AFF-4021-A662-C1D99D058C91}.Release|x86.ActiveCfg = Release|Any CPU
		{DA8C78A8-0AFF-4021-A662-C1D99D058C91}.Release|x86.Build.0 = Release|Any CPU
		{4E1E4751-28D4-422D-B6C7-8F0EC4697E97}.Debug|Any CPU.ActiveCfg = Debug|Any CPU
		{4E1E4751-28D4-422D-B6C7-8F0EC4697E97}.Debug|Any CPU.Build.0 = Debug|Any CPU
		{4E1E4751-28D4-422D-B6C7-8F0EC4697E97}.Debug|x64.ActiveCfg = Debug|Any CPU
		{4E1E4751-28D4-422D-B6C7-8F0EC4697E97}.Debug|x64.Build.0 = Debug|Any CPU
		{4E1E4751-28D4-422D-B6C7-8F0EC4697E97}.Debug|x86.ActiveCfg = Debug|Any CPU
		{4E1E4751-28D4-422D-B6C7-8F0EC4697E97}.Debug|x86.Build.0 = Debug|Any CPU
		{4E1E4751-28D4-422D-B6C7-8F0EC4697E97}.Release|Any CPU.ActiveCfg = Release|Any CPU
		{4E1E4751-28D4-422D-B6C7-8F0EC4697E97}.Release|Any CPU.Build.0 = Release|Any CPU
		{4E1E4751-28D4-422D-B6C7-8F0EC4697E97}.Release|x64.ActiveCfg = Release|Any CPU
		{4E1E4751-28D4-422D-B6C7-8F0EC4697E97}.Release|x64.Build.0 = Release|Any CPU
		{4E1E4751-28D4-422D-B6C7-8F0EC4697E97}.Release|x86.ActiveCfg = Release|Any CPU
		{4E1E4751-28D4-422D-B6C7-8F0EC4697E97}.Release|x86.Build.0 = Release|Any CPU
		{E0BAF940-344C-47AB-89C7-8A61E9D35FBE}.Debug|Any CPU.ActiveCfg = Debug|Any CPU
		{E0BAF940-344C-47AB-89C7-8A61E9D35FBE}.Debug|Any CPU.Build.0 = Debug|Any CPU
		{E0BAF940-344C-47AB-89C7-8A61E9D35FBE}.Debug|x64.ActiveCfg = Debug|Any CPU
		{E0BAF940-344C-47AB-89C7-8A61E9D35FBE}.Debug|x64.Build.0 = Debug|Any CPU
		{E0BAF940-344C-47AB-89C7-8A61E9D35FBE}.Debug|x86.ActiveCfg = Debug|Any CPU
		{E0BAF940-344C-47AB-89C7-8A61E9D35FBE}.Debug|x86.Build.0 = Debug|Any CPU
		{E0BAF940-344C-47AB-89C7-8A61E9D35FBE}.Release|Any CPU.ActiveCfg = Release|Any CPU
		{E0BAF940-344C-47AB-89C7-8A61E9D35FBE}.Release|Any CPU.Build.0 = Release|Any CPU
		{E0BAF940-344C-47AB-89C7-8A61E9D35FBE}.Release|x64.ActiveCfg = Release|Any CPU
		{E0BAF940-344C-47AB-89C7-8A61E9D35FBE}.Release|x64.Build.0 = Release|Any CPU
		{E0BAF940-344C-47AB-89C7-8A61E9D35FBE}.Release|x86.ActiveCfg = Release|Any CPU
		{E0BAF940-344C-47AB-89C7-8A61E9D35FBE}.Release|x86.Build.0 = Release|Any CPU
		{964D4CC5-4788-4FA8-918F-06CE85F87EAF}.Debug|Any CPU.ActiveCfg = Debug|Any CPU
		{964D4CC5-4788-4FA8-918F-06CE85F87EAF}.Debug|Any CPU.Build.0 = Debug|Any CPU
		{964D4CC5-4788-4FA8-918F-06CE85F87EAF}.Debug|x64.ActiveCfg = Debug|Any CPU
		{964D4CC5-4788-4FA8-918F-06CE85F87EAF}.Debug|x64.Build.0 = Debug|Any CPU
		{964D4CC5-4788-4FA8-918F-06CE85F87EAF}.Debug|x86.ActiveCfg = Debug|Any CPU
		{964D4CC5-4788-4FA8-918F-06CE85F87EAF}.Debug|x86.Build.0 = Debug|Any CPU
		{964D4CC5-4788-4FA8-918F-06CE85F87EAF}.Release|Any CPU.ActiveCfg = Release|Any CPU
		{964D4CC5-4788-4FA8-918F-06CE85F87EAF}.Release|Any CPU.Build.0 = Release|Any CPU
		{964D4CC5-4788-4FA8-918F-06CE85F87EAF}.Release|x64.ActiveCfg = Release|Any CPU
		{964D4CC5-4788-4FA8-918F-06CE85F87EAF}.Release|x64.Build.0 = Release|Any CPU
		{964D4CC5-4788-4FA8-918F-06CE85F87EAF}.Release|x86.ActiveCfg = Release|Any CPU
		{964D4CC5-4788-4FA8-918F-06CE85F87EAF}.Release|x86.Build.0 = Release|Any CPU
		{277881E2-E489-4133-9D3F-D6D99BE9350E}.Debug|Any CPU.ActiveCfg = Debug|Any CPU
		{277881E2-E489-4133-9D3F-D6D99BE9350E}.Debug|Any CPU.Build.0 = Debug|Any CPU
		{277881E2-E489-4133-9D3F-D6D99BE9350E}.Debug|x64.ActiveCfg = Debug|Any CPU
		{277881E2-E489-4133-9D3F-D6D99BE9350E}.Debug|x64.Build.0 = Debug|Any CPU
		{277881E2-E489-4133-9D3F-D6D99BE9350E}.Debug|x86.ActiveCfg = Debug|Any CPU
		{277881E2-E489-4133-9D3F-D6D99BE9350E}.Debug|x86.Build.0 = Debug|Any CPU
		{277881E2-E489-4133-9D3F-D6D99BE9350E}.Release|Any CPU.ActiveCfg = Release|Any CPU
		{277881E2-E489-4133-9D3F-D6D99BE9350E}.Release|Any CPU.Build.0 = Release|Any CPU
		{277881E2-E489-4133-9D3F-D6D99BE9350E}.Release|x64.ActiveCfg = Release|Any CPU
		{277881E2-E489-4133-9D3F-D6D99BE9350E}.Release|x64.Build.0 = Release|Any CPU
		{277881E2-E489-4133-9D3F-D6D99BE9350E}.Release|x86.ActiveCfg = Release|Any CPU
		{277881E2-E489-4133-9D3F-D6D99BE9350E}.Release|x86.Build.0 = Release|Any CPU
		{7E6B0E32-8BA5-49B5-AC06-5AA1D6F89450}.Debug|Any CPU.ActiveCfg = Debug|Any CPU
		{7E6B0E32-8BA5-49B5-AC06-5AA1D6F89450}.Debug|Any CPU.Build.0 = Debug|Any CPU
		{7E6B0E32-8BA5-49B5-AC06-5AA1D6F89450}.Debug|x64.ActiveCfg = Debug|Any CPU
		{7E6B0E32-8BA5-49B5-AC06-5AA1D6F89450}.Debug|x64.Build.0 = Debug|Any CPU
		{7E6B0E32-8BA5-49B5-AC06-5AA1D6F89450}.Debug|x86.ActiveCfg = Debug|Any CPU
		{7E6B0E32-8BA5-49B5-AC06-5AA1D6F89450}.Debug|x86.Build.0 = Debug|Any CPU
		{7E6B0E32-8BA5-49B5-AC06-5AA1D6F89450}.Release|Any CPU.ActiveCfg = Release|Any CPU
		{7E6B0E32-8BA5-49B5-AC06-5AA1D6F89450}.Release|Any CPU.Build.0 = Release|Any CPU
		{7E6B0E32-8BA5-49B5-AC06-5AA1D6F89450}.Release|x64.ActiveCfg = Release|Any CPU
		{7E6B0E32-8BA5-49B5-AC06-5AA1D6F89450}.Release|x64.Build.0 = Release|Any CPU
		{7E6B0E32-8BA5-49B5-AC06-5AA1D6F89450}.Release|x86.ActiveCfg = Release|Any CPU
		{7E6B0E32-8BA5-49B5-AC06-5AA1D6F89450}.Release|x86.Build.0 = Release|Any CPU
	EndGlobalSection
	GlobalSection(SolutionProperties) = preSolution
		HideSolutionNode = FALSE
	EndGlobalSection
	GlobalSection(NestedProjects) = preSolution
		{7B9FFAAA-FD27-4274-A458-2C463B558BD4} = {D3343A87-F145-4634-B3C8-86C7E6F78F24}
		{11ED2B2E-9B04-4F8F-8B34-8922D32353F1} = {D3343A87-F145-4634-B3C8-86C7E6F78F24}
		{BA4B056B-049D-4C7D-87EB-D3D97F9B583A} = {D3343A87-F145-4634-B3C8-86C7E6F78F24}
		{DA8C78A8-0AFF-4021-A662-C1D99D058C91} = {D3343A87-F145-4634-B3C8-86C7E6F78F24}
		{4E1E4751-28D4-422D-B6C7-8F0EC4697E97} = {11DC35E5-543A-4C0F-9EAA-33EC697B580B}
		{E0BAF940-344C-47AB-89C7-8A61E9D35FBE} = {11DC35E5-543A-4C0F-9EAA-33EC697B580B}
		{964D4CC5-4788-4FA8-918F-06CE85F87EAF} = {11DC35E5-543A-4C0F-9EAA-33EC697B580B}
		{277881E2-E489-4133-9D3F-D6D99BE9350E} = {11DC35E5-543A-4C0F-9EAA-33EC697B580B}
		{7E6B0E32-8BA5-49B5-AC06-5AA1D6F89450} = {D3343A87-F145-4634-B3C8-86C7E6F78F24}
	EndGlobalSection
	GlobalSection(ExtensibilityGlobals) = postSolution
		SolutionGuid = {32B8C809-2222-45D3-B7A4-03E2F35CB79E}
	EndGlobalSection
EndGlobal
